{
  "version": "5",
  "specifiers": {
    "jsr:@std/media-types@1.1.0": "1.1.0",
    "jsr:@std/path@1.1.0": "1.1.0",
    "npm:@react-three/fiber@9.3.0": "9.3.0_react@19.1.1_react-dom@19.1.1__react@19.1.1_three@0.180.0_@types+react@19.2.17",
    "npm:@sinclair/typebox@*": "0.34.49",
    "npm:ajv@*": "8.20.0",
    "npm:marked@16.2.1": "16.2.1",
    "npm:prismjs@1.30.0": "1.30.0",
    "npm:react-dom@19.1.1": "19.1.1_react@19.1.1",
    "npm:react-router-dom@7.8.2": "7.8.2_react@19.1.1_react-dom@19.1.1__react@19.1.1",
    "npm:react@19.1.1": "19.1.1",
    "npm:three@0.180.0": "0.180.0"
  },
  "jsr": {
    "@std/media-types@1.1.0": {
      "integrity": "c9d093f0c05c3512932b330e3cc1fe1d627b301db33a4c2c2185c02471d6eaa4"
    },
    "@std/path@1.1.0": {
      "integrity": "ddc94f8e3c275627281cbc23341df6b8bcc874d70374f75fec2533521e3d6886"
    }
  },
  "npm": {
    "@babel/runtime@7.29.7": {
      "integrity": "sha512-Nq8OhGWiZIZGV6hLHoyAKLLcJihP/xFeBMGJoUrxTX2psI8dCifzLhZISFb+VWS3wFMRDmCGw5R+dOySCqPLhw=="
    },
    "@react-three/fiber@9.3.0_react@19.1.1_react-dom@19.1.1__react@19.1.1_three@0.180.0_@types+react@19.2.17": {
      "integrity": "sha512-myPe3YL/C8+Eq939/4qIVEPBW/uxV0iiUbmjfwrs9sGKYDG8ib8Dz3Okq7BQt8P+0k4igedONbjXMQy84aDFmQ==",
      "dependencies": [
        "@babel/runtime",
        "@types/react-reconciler@0.32.3_@types+react@19.2.17",
        "@types/webxr",
        "base64-js",
        "buffer",
        "its-fine",
        "react",
        "react-dom",
        "react-reconciler",
        "react-use-measure",
        "scheduler@0.25.0",
        "suspend-react",
        "three",
        "use-sync-external-store",
        "zustand"
      ],
      "optionalPeers": [
        "react-dom"
      ]
    },
    "@sinclair/typebox@0.34.49": {
      "integrity": "sha512-brySQQs7Jtn0joV8Xh9ZV/hZb9Ozb0pmazDIASBkYKCjXrXU3mpcFahmK/z4YDhGkQvP9mWJbVyahdtU5wQA+A=="
    },
    "@types/react-reconciler@0.28.9_@types+react@19.2.17": {
      "integrity": "sha512-HHM3nxyUZ3zAylX8ZEyrDNd2XZOnQ0D5XfunJF5FLQnZbHHYq4UWvW1QfelQNXv1ICNkwYhfxjwfnqivYB6bFg==",
      "dependencies": [
        "@types/react"
      ]
    },
    "@types/react-reconciler@0.32.3_@types+react@19.2.17": {
      "integrity": "sha512-cMi5ZrLG7UtbL7LTK6hq9w/EZIRk4Mf1Z5qHoI+qBh7/WkYkFXQ7gOto2yfUvPzF5ERMAhaXS5eTQ2SAnHjLzA==",
      "dependencies": [
        "@types/react"
      ]
    },
    "@types/react@19.2.17": {
      "integrity": "sha512-MXfmqaVPEVgkBT/aY0aGCkRWWtByiYQXo3xdQ8r5RzuFrPiRn8Gar2tQdXSUQ2GKV3bkXckek89V8wQBY2Q/Aw==",
      "dependencies": [
        "csstype"
      ]
    },
    "@types/webxr@0.5.24": {
      "integrity": "sha512-h8fgEd/DpoS9CBrjEQXR+dIDraopAEfu4wYVNY2tEPwk60stPWhvZMf4Foo5FakuQ7HFZoa8WceaWFervK2Ovg=="
    },
    "ajv@8.20.0": {
      "integrity": "sha512-Thbli+OlOj+iMPYFBVBfJ3OmCAnaSyNn4M1vz9T6Gka5Jt9ba/HIR56joy65tY6kx/FCF5VXNB819Y7/GUrBGA==",
      "dependencies": [
        "fast-deep-equal",
        "fast-uri",
        "json-schema-traverse",
        "require-from-string"
      ]
    },
    "base64-js@1.5.1": {
      "integrity": "sha512-AKpaYlHn8t4SVbOHCy+b5+KKgvR4vrsD8vbvrbiQJps7fKDTkjkDry6ji0rUJjC0kzbNePLwzxq8iypo41qeWA=="
    },
    "buffer@6.0.3": {
      "integrity": "sha512-FTiCpNxtwiZZHEZbcbTIcZjERVICn9yq/pDFkTl95/AxzD1naBctN7YO68riM/gLSDY7sdrMby8hofADYuuqOA==",
      "dependencies": [
        "base64-js",
        "ieee754"
      ]
    },
    "cookie@1.1.1": {
      "integrity": "sha512-ei8Aos7ja0weRpFzJnEA9UHJ/7XQmqglbRwnf2ATjcB9Wq874VKH9kfjjirM6UhU2/E5fFYadylyhFldcqSidQ=="
    },
    "csstype@3.2.3": {
      "integrity": "sha512-z1HGKcYy2xA8AGQfwrn0PAy+PB7X/GSj3UVJW9qKyn43xWa+gl5nXmU4qqLMRzWVLFC8KusUX8T/0kCiOYpAIQ=="
    },
    "fast-deep-equal@3.1.3": {
      "integrity": "sha512-f3qQ9oQy9j2AhBe/H9VC91wLmKBCCU/gDOnKNAYG5hswO7BLKj09Hc5HYNz9cGI++xlpDCIgDaitVs03ATR84Q=="
    },
    "fast-uri@3.1.2": {
      "integrity": "sha512-rVjf7ArG3LTk+FS6Yw81V1DLuZl1bRbNrev6Tmd/9RaroeeRRJhAt7jg/6YFxbvAQXUCavSoZhPPj6oOx+5KjQ=="
    },
    "ieee754@1.2.1": {
      "integrity": "sha512-dcyqhDvX1C46lXZcVqCpK+FtMRQVdIMN6/Df5js2zouUsqG7I6sFxitIC+7KYK29KdXOLHdu9zL4sFnoVQnqaA=="
    },
    "its-fine@2.0.0_react@19.1.1_@types+react@19.2.17": {
      "integrity": "sha512-KLViCmWx94zOvpLwSlsx6yOCeMhZYaxrJV87Po5k/FoZzcPSahvK5qJ7fYhS61sZi5ikmh2S3Hz55A2l3U69ng==",
      "dependencies": [
        "@types/react-reconciler@0.28.9_@types+react@19.2.17",
        "react"
      ]
    },
    "json-schema-traverse@1.0.0": {
      "integrity": "sha512-NM8/P9n3XjXhIZn1lLhkFaACTOURQXjWhV4BA/RnOv8xvgqtqpAX9IO4mRQxSx1Rlo4tqzeqb0sOlruaOy3dug=="
    },
    "marked@16.2.1": {
      "integrity": "sha512-r3UrXED9lMlHF97jJByry90cwrZBBvZmjG1L68oYfuPMW+uDTnuMbyJDymCWwbTE+f+3LhpNDKfpR3a3saFyjA==",
      "bin": true
    },
    "prismjs@1.30.0": {
      "integrity": "sha512-DEvV2ZF2r2/63V+tK8hQvrR2ZGn10srHbXviTlcv7Kpzw8jWiNTqbVgjO3IY8RxrrOUF8VPMQQFysYYYv0YZxw=="
    },
    "react-dom@19.1.1_react@19.1.1": {
      "integrity": "sha512-Dlq/5LAZgF0Gaz6yiqZCf6VCcZs1ghAJyrsu84Q/GT0gV+mCxbfmKNoGRKBYMJ8IEdGPqu49YWXD02GCknEDkw==",
      "dependencies": [
        "react",
        "scheduler@0.26.0"
      ]
    },
    "react-reconciler@0.31.0_react@19.1.1": {
      "integrity": "sha512-7Ob7Z+URmesIsIVRjnLoDGwBEG/tVitidU0nMsqX/eeJaLY89RISO/10ERe0MqmzuKUUB1rmY+h1itMbUHg9BQ==",
      "dependencies": [
        "react",
        "scheduler@0.25.0"
      ]
    },
    "react-router-dom@7.8.2_react@19.1.1_react-dom@19.1.1__react@19.1.1": {
      "integrity": "sha512-Z4VM5mKDipal2jQ385H6UBhiiEDlnJPx6jyWsTYoZQdl5TrjxEV2a9yl3Fi60NBJxYzOTGTTHXPi0pdizvTwow==",
      "dependencies": [
        "react",
        "react-dom",
        "react-router"
      ]
    },
    "react-router@7.8.2_react@19.1.1_react-dom@19.1.1__react@19.1.1": {
      "integrity": "sha512-7M2fR1JbIZ/jFWqelpvSZx+7vd7UlBTfdZqf6OSdF9g6+sfdqJDAWcak6ervbHph200ePlu+7G8LdoiC3ReyAQ==",
      "dependencies": [
        "cookie",
        "react",
        "react-dom",
        "set-cookie-parser"
      ],
      "optionalPeers": [
        "react-dom"
      ]
    },
    "react-use-measure@2.1.7_react@19.1.1_react-dom@19.1.1__react@19.1.1": {
      "integrity": "sha512-KrvcAo13I/60HpwGO5jpW7E9DfusKyLPLvuHlUyP5zqnmAPhNc6qTRjUQrdTADl0lpPpDVU2/Gg51UlOGHXbdg==",
      "dependencies": [
        "react",
        "react-dom"
      ],
      "optionalPeers": [
        "react-dom"
      ]
    },
    "react@19.1.1": {
      "integrity": "sha512-w8nqGImo45dmMIfljjMwOGtbmC/mk4CMYhWIicdSflH91J9TyCyczcPFXJzrZ/ZXcgGRFeP6BU0BEJTw6tZdfQ=="
    },
    "require-from-string@2.0.2": {
      "integrity": "sha512-Xf0nWe6RseziFMu+Ap9biiUbmplq6S9/p+7w7YXP/JBHhrUDDUhwa+vANyubuqfZWTveU//DYVGsDG7RKL/vEw=="
    },
    "scheduler@0.25.0": {
      "integrity": "sha512-xFVuu11jh+xcO7JOAGJNOXld8/TcEHK/4CituBUeUb5hqxJLj9YuemAEuvm9gQ/+pgXYfbQuqAkiYu+u7YEsNA=="
    },
    "scheduler@0.26.0": {
      "integrity": "sha512-NlHwttCI/l5gCPR3D1nNXtWABUmBwvZpEQiD4IXSbIDq8BzLIK/7Ir5gTFSGZDUu37K5cMNp0hFtzO38sC7gWA=="
    },
    "set-cookie-parser@2.7.2": {
      "integrity": "sha512-oeM1lpU/UvhTxw+g3cIfxXHyJRc/uidd3yK1P242gzHds0udQBYzs3y8j4gCCW+ZJ7ad0yctld8RYO+bdurlvw=="
    },
    "suspend-react@0.1.3_react@19.1.1": {
      "integrity": "sha512-aqldKgX9aZqpoDp3e8/BZ8Dm7x1pJl+qI3ZKxDN0i/IQTWUwBx/ManmlVJ3wowqbno6c2bmiIfs+Um6LbsjJyQ==",
      "dependencies": [
        "react"
      ]
    },
    "three@0.180.0": {
      "integrity": "sha512-o+qycAMZrh+TsE01GqWUxUIKR1AL0S8pq7zDkYOQw8GqfX8b8VoCKYUoHbhiX5j+7hr8XsuHDVU6+gkQJQKg9w=="
    },
    "use-sync-external-store@1.6.0_react@19.1.1": {
      "integrity": "sha512-Pp6GSwGP/NrPIrxVFAIkOQeyw8lFenOHijQWkUTrDvrF4ALqylP2C/KCkeS9dpUM3KvYRQhna5vt7IL95+ZQ9w==",
      "dependencies": [
        "react"
      ]
    },
    "zustand@5.0.14_@types+react@19.2.17_react@19.1.1_use-sync-external-store@1.6.0__react@19.1.1": {
      "integrity": "sha512-/8tAspM5LMPr28b3fwLYrtdj77ECpfZviaP75CMTnwO8ISyaE4GDIG/9rDDYq/cH9D2Xw2A2RXglLInmVBQB/g==",
      "dependencies": [
        "@types/react",
        "react",
        "use-sync-external-store"
      ],
      "optionalPeers": [
        "@types/react",
        "react",
        "use-sync-external-store"
      ]
    }
  },
  "remote": {
    "https://raw.githubusercontent.com/sinclairzx81/parsebox/0.11.5/src/build/common/comment.ts": "46f86cbd17d0136399d1ff070b8a5a0254ab4654e0b2c2d78146cf9f618190af",
    "https://raw.githubusercontent.com/sinclairzx81/parsebox/0.11.5/src/build/common/escape.ts": "51a34baeffc0a0e148e7a8442806655c8b1b58a1a662dd1cdc1e744a43f9ff0c",
    "https://raw.githubusercontent.com/sinclairzx81/parsebox/0.11.5/src/build/common/index.ts": "003d952b6585f8eb4402286c186e6f9c252dbaea6fbca1403efe4c44768ac32a",
    "https://raw.githubusercontent.com/sinclairzx81/parsebox/0.11.5/src/build/common/infer.ts": "8c7416622a09733cd927726aabc9325a50225cfc21d616ad6e713d8fd70a47cf",
    "https://raw.githubusercontent.com/sinclairzx81/parsebox/0.11.5/src/build/index.ts": "38248065e5f605baebda02d7517c16c4c79fe0f8edf996fd17d1ec0d95de3fe0",
    "https://raw.githubusercontent.com/sinclairzx81/parsebox/0.11.5/src/build/options.ts": "aed7b1cac13d228ac631f48a8e2b76ac6bf5e3561a1403cca924b01d28ec5e79",
    "https://raw.githubusercontent.com/sinclairzx81/parsebox/0.11.5/src/build/project.ts": "8f43e2ce84b7f97969339c53178270a62b6cb953830672fbd84576c06bcc2f45",
    "https://raw.githubusercontent.com/sinclairzx81/parsebox/0.11.5/src/build/runtime/index.ts": "fcf482eae5b57c20a18b475130aea1288d1ea7a523aa14fba0f17dd6fedfacfd",
    "https://raw.githubusercontent.com/sinclairzx81/parsebox/0.11.5/src/build/runtime/mapping.ts": "38479dcddf5a5df27bca7d137c60f8e4d36bb47e00c0b03ee949d70b9db99b34",
    "https://raw.githubusercontent.com/sinclairzx81/parsebox/0.11.5/src/build/runtime/name.ts": "a1bcbf7f12820363e3bcfc15b2c8fdfa0b3565f9da44604630c3050eee791c6c",
    "https://raw.githubusercontent.com/sinclairzx81/parsebox/0.11.5/src/build/runtime/parse.ts": "9258dcbf6d1a93faeb228b71f92ad476a70fdcf4cd657f0b276c9d1e055a83ba",
    "https://raw.githubusercontent.com/sinclairzx81/parsebox/0.11.5/src/build/static/index.ts": "fcf482eae5b57c20a18b475130aea1288d1ea7a523aa14fba0f17dd6fedfacfd",
    "https://raw.githubusercontent.com/sinclairzx81/parsebox/0.11.5/src/build/static/mapping.ts": "eb7afc1d55542a8c510ecc8312c52d6646acfb194439a9be5cf83457cff23a89",
    "https://raw.githubusercontent.com/sinclairzx81/parsebox/0.11.5/src/build/static/name.ts": "dc7e70b26b9fa5c03c44dec6d3e072fa6b390a3ca394d38bde36c8232d545d0e",
    "https://raw.githubusercontent.com/sinclairzx81/parsebox/0.11.5/src/build/static/parse.ts": "c842c0a468d41256dc4ec17c0a511f580d2565d8cb5a01c584c1621a9c984b22",
    "https://raw.githubusercontent.com/sinclairzx81/parsebox/0.11.5/src/guard/guard.ts": "cf774489f892be19707c0dd87646eec51692bcbe120f8e02752572bb7a757106",
    "https://raw.githubusercontent.com/sinclairzx81/parsebox/0.11.5/src/guard/index.ts": "bdc61533211cd76733a53ad30ea1481aa1db793cdcddc571d2e5821de3add9e7",
    "https://raw.githubusercontent.com/sinclairzx81/parsebox/0.11.5/src/index.ts": "56bc0e30919ae994be4d26be8cd9253fba88f1f6e533a6fb0261341972896017",
    "https://raw.githubusercontent.com/sinclairzx81/parsebox/0.11.5/src/runtime/array.ts": "0399c6e1f9bdb4333522ccd3639d23c9c7cb9c6bad969b086519aad79fd0ba34",
    "https://raw.githubusercontent.com/sinclairzx81/parsebox/0.11.5/src/runtime/bigint.ts": "de53745d883b5530fe7aa4c27072df206086cbcf0a488db0e1756d4798cacf75",
    "https://raw.githubusercontent.com/sinclairzx81/parsebox/0.11.5/src/runtime/const.ts": "da60de496ad00ad44771c1ec99e700ec756970f65aa25b0767a1d322f6ecfe09",
    "https://raw.githubusercontent.com/sinclairzx81/parsebox/0.11.5/src/runtime/ident.ts": "305af317e88cd14613b53a183d4346b792ab1c8624e7e811186df0abfa703253",
    "https://raw.githubusercontent.com/sinclairzx81/parsebox/0.11.5/src/runtime/index.ts": "13c454f3ca11e366878524385094cde5057090cca870ba9255a0c00a494acc72",
    "https://raw.githubusercontent.com/sinclairzx81/parsebox/0.11.5/src/runtime/integer.ts": "0f36538398946c10b4efea4e2ba96cf8b9014b2926f760cdd5088f3755741e2b",
    "https://raw.githubusercontent.com/sinclairzx81/parsebox/0.11.5/src/runtime/module.ts": "39eeb1964d5ae7eef1647cd118fe6f7802835f98f58760b741c162c447ab06af",
    "https://raw.githubusercontent.com/sinclairzx81/parsebox/0.11.5/src/runtime/number.ts": "c546607889e6ddf5fb14fb25f7d76a57dac2e018e6f1bd9bccf0aaa2ac2eeb46",
    "https://raw.githubusercontent.com/sinclairzx81/parsebox/0.11.5/src/runtime/optional.ts": "0ef2e6559c44cad9602a0ef462ed6c355fde3cd668608d31bac04dda590f44d9",
    "https://raw.githubusercontent.com/sinclairzx81/parsebox/0.11.5/src/runtime/parse.ts": "05fc7c1755515eb4c61c75ef1391e88703fb1ffc4f681e49d05dd75f98ca30e8",
    "https://raw.githubusercontent.com/sinclairzx81/parsebox/0.11.5/src/runtime/parser.ts": "6a055a3cee103ac97f5f34190e37b19486fd0582f2ba986a0e1702dbd8af25c6",
    "https://raw.githubusercontent.com/sinclairzx81/parsebox/0.11.5/src/runtime/ref.ts": "205ec999c4a8dd2b1ad2583de5ba14aa68b680abdb3613ab05356d1d29a72161",
    "https://raw.githubusercontent.com/sinclairzx81/parsebox/0.11.5/src/runtime/rest.ts": "816358555ef63df044e72165d4ec273af50824d40a41df3aadf5d5a69f051308",
    "https://raw.githubusercontent.com/sinclairzx81/parsebox/0.11.5/src/runtime/static.ts": "529de34e5066b0fe77ea1a897f8cc897a8cbca38ea4486fe091a78dd4312a027",
    "https://raw.githubusercontent.com/sinclairzx81/parsebox/0.11.5/src/runtime/string.ts": "b772842925123ce442b310a672882a6dff08e2f8f1329518a517ae19be3ba41c",
    "https://raw.githubusercontent.com/sinclairzx81/parsebox/0.11.5/src/runtime/tuple.ts": "bc85d92ef500498c8b2c381362430cea453065bc9717dd2d48380b5190621dda",
    "https://raw.githubusercontent.com/sinclairzx81/parsebox/0.11.5/src/runtime/union.ts": "cfed43fa446e91e585797c033d61c9a598ac161cec5466ff64a97455c6483980",
    "https://raw.githubusercontent.com/sinclairzx81/parsebox/0.11.5/src/runtime/unsigned_integer.ts": "a355886ffdf1e6c3bceced267209aeb3093d454965e9df1f143d2c446085e148",
    "https://raw.githubusercontent.com/sinclairzx81/parsebox/0.11.5/src/runtime/unsigned_number.ts": "09417d49c4e55ba37da63cc346720d777e3ef7e152a5d8d62ae27b3dc9b5b1b4",
    "https://raw.githubusercontent.com/sinclairzx81/parsebox/0.11.5/src/runtime/until.ts": "38b5b28673cb5d853d4cf5fd34278fbdaed8b73997b244301263f7bd3ea9aa16",
    "https://raw.githubusercontent.com/sinclairzx81/parsebox/0.11.5/src/runtime/until_1.ts": "9a5e6db98bb5d562c8b16c34b569d2daa7da395ccf644b9eac148484caa15758",
    "https://raw.githubusercontent.com/sinclairzx81/parsebox/0.11.5/src/static/index.ts": "a28f438f767d394128e66dc2fcc39dcd684047c51b0d353082463576be7c3f46",
    "https://raw.githubusercontent.com/sinclairzx81/parsebox/0.11.5/src/system/arguments/arguments.ts": "38faa50184aaefccf5e4e6d09fd2836b8f54d4e77a974e4033eec4d4e5eec391",
    "https://raw.githubusercontent.com/sinclairzx81/parsebox/0.11.5/src/system/arguments/index.ts": "aa4acde7e517e6426607c8cacd9c0b31247423176deea8e5bb6de7b9fa808a31",
    "https://raw.githubusercontent.com/sinclairzx81/parsebox/0.11.5/src/system/index.ts": "502ab5957e2cb4e0a83359d1b8facfe531b6024692aa03da80194d3645322230",
    "https://raw.githubusercontent.com/sinclairzx81/parsebox/0.11.5/src/system/unreachable/index.ts": "ff74d42af2568398b4582ebcac4370bea5925734465bb04ffbbc26ade7627595",
    "https://raw.githubusercontent.com/sinclairzx81/parsebox/0.11.5/src/system/unreachable/unreachable.ts": "b51e28a281c0e8c265456f02ca37369383d1748467a0657b9d3aac55221a32cd",
    "https://raw.githubusercontent.com/sinclairzx81/parsebox/0.11.5/src/token/bigint.ts": "bd3d2e184998349a715d116e6f5e451900f628f502b856ea5e74003654256086",
    "https://raw.githubusercontent.com/sinclairzx81/parsebox/0.11.5/src/token/const.ts": "c73bbbd2e05a30c62896fa3116e590b12a66c1a819dfdd1a7fab634f5f8b7116",
    "https://raw.githubusercontent.com/sinclairzx81/parsebox/0.11.5/src/token/ident.ts": "3e3ca12aa351e548cf0dd8ba8fe302e069c15870f2b87cd3ac62611ee44c5cde",
    "https://raw.githubusercontent.com/sinclairzx81/parsebox/0.11.5/src/token/index.ts": "1b532e4020926dfcd94abf1ae7d06a6d7d90892121b1d500519167e50b4389a2",
    "https://raw.githubusercontent.com/sinclairzx81/parsebox/0.11.5/src/token/integer.ts": "0e4ae7db5c8239da95752bddd6c47b7658ff12d8b24d027767f89fd98fc98ae7",
    "https://raw.githubusercontent.com/sinclairzx81/parsebox/0.11.5/src/token/internal/char.ts": "b4359662e9110c827d76ec4bcd00f6c2725917ac4184124aa6a57147649efd76",
    "https://raw.githubusercontent.com/sinclairzx81/parsebox/0.11.5/src/token/internal/guard.ts": "5667e98538d77fb93b4868f870674d46c5d405c99f07360afa8b90bb318ec515",
    "https://raw.githubusercontent.com/sinclairzx81/parsebox/0.11.5/src/token/internal/many.ts": "763b1a7794e50a2f5830effbb8becf72d0e170588ca158c9447756c6665574fd",
    "https://raw.githubusercontent.com/sinclairzx81/parsebox/0.11.5/src/token/internal/match.ts": "dfe9ddce3db4b40ba343198bad3c6d8c108cc55f4e3995b2925139f2ce56846c",
    "https://raw.githubusercontent.com/sinclairzx81/parsebox/0.11.5/src/token/internal/optional.ts": "0b4165857a3831f2408b6750a7391d0985920bee42f36a4395057f9c9541df11",
    "https://raw.githubusercontent.com/sinclairzx81/parsebox/0.11.5/src/token/internal/take.ts": "ac7f7eb2ad2687aacf5e08bd26ca986647bb619026ee1146c8305ecddf01c1a2",
    "https://raw.githubusercontent.com/sinclairzx81/parsebox/0.11.5/src/token/internal/trim.ts": "5edc535121afb01a9c396fa5335c6c4b0e8fb97e61553c85be22f3cada3b7cce",
    "https://raw.githubusercontent.com/sinclairzx81/parsebox/0.11.5/src/token/number.ts": "0d0ada85800860ab3991aeca7160909e61b93822748e95967b22b41983ffa9e3",
    "https://raw.githubusercontent.com/sinclairzx81/parsebox/0.11.5/src/token/rest.ts": "0a995780577f64b3a05dea6517d2e8c0bb068a740d433df053767e464b1bc321",
    "https://raw.githubusercontent.com/sinclairzx81/parsebox/0.11.5/src/token/span.ts": "7080804017ca46f6cb0ff01f7ffe6af91e11743c5b010a0f5fb369c8110a595a",
    "https://raw.githubusercontent.com/sinclairzx81/parsebox/0.11.5/src/token/string.ts": "a6618b18da475ed90752789e280c5e29b1da7f502fbcdcef67800e12e2bec8b2",
    "https://raw.githubusercontent.com/sinclairzx81/parsebox/0.11.5/src/token/unsigned_integer.ts": "ffc29b85b54870fa6d837c739ed9ec7df567ceb48522fdc5776876af2406ad25",
    "https://raw.githubusercontent.com/sinclairzx81/parsebox/0.11.5/src/token/unsigned_number.ts": "e6466cbeff9fe0c3a8c24cf0b2ad3063e42643613b6ad0612cb730a27fd1ebb3",
    "https://raw.githubusercontent.com/sinclairzx81/parsebox/0.11.5/src/token/until.ts": "4f99f8402608dae0044cf2bb325321492e072d4a7374e60d5bd5a126f89f2b21",
    "https://raw.githubusercontent.com/sinclairzx81/parsebox/0.11.5/src/token/until_1.ts": "c9a6892fcbcd75c0fe0676f1a28d735c0f454d0401b4cbe8c476a074e5e24aa5",
    "https://raw.githubusercontent.com/sinclairzx81/tasksmith/0.9.14/src/attw/attw.ts": "d8da3257f0ffd2b9347de5632f871b2aab7f297fd68c523dc57c24dc45b2e3cf",
    "https://raw.githubusercontent.com/sinclairzx81/tasksmith/0.9.14/src/attw/index.ts": "a76b99adbfaee3416ea98f2a5908b76c846e0fbf0768876ed93d1e8aa21a8cff",
    "https://raw.githubusercontent.com/sinclairzx81/tasksmith/0.9.14/src/browser/browser.ts": "42b3060763be9ce26b262ddf4a80b570319a1c511be39a5403e1f95b098b5589",
    "https://raw.githubusercontent.com/sinclairzx81/tasksmith/0.9.14/src/browser/index.ts": "4f3c2075e4337f76b83b0a60dec0e7df8b35cb4676d459bb49661ba7d4486789",
    "https://raw.githubusercontent.com/sinclairzx81/tasksmith/0.9.14/src/browser/open.ts": "21ca30d157f320c3d2523f82a334a9239d2c40f495b8948d2591743fc21ab3cf",
    "https://raw.githubusercontent.com/sinclairzx81/tasksmith/0.9.14/src/build/build.ts": "f0ff08c6c81a5c2c18c17bf82322a0dca255bbb575370ec898a78944f184df15",
    "https://raw.githubusercontent.com/sinclairzx81/tasksmith/0.9.14/src/build/common/build-additional.ts": "928a37273661827cb2b6fd9d075f19d64633b2a34bf8ea5a35904253d7bf3a71",
    "https://raw.githubusercontent.com/sinclairzx81/tasksmith/0.9.14/src/build/common/build-clean.ts": "2b5f8e0cb817c1ab816d54fd5e84e7d0642d0b2b8aa6c4d107d4da5c7cdc12fb",
    "https://raw.githubusercontent.com/sinclairzx81/tasksmith/0.9.14/src/build/common/build-pack.ts": "889410f2de18647b8842407bacdcb1b01f469d82a0ee35fdc01173d253b2e243",
    "https://raw.githubusercontent.com/sinclairzx81/tasksmith/0.9.14/src/build/dual/build-check.ts": "a4c79d2af01e427c8977f52ccd27353a9b5ac8513ae3144806b872aee84f7f09",
    "https://raw.githubusercontent.com/sinclairzx81/tasksmith/0.9.14/src/build/dual/build-cjs.ts": "326018d618fbc43649361d87298160656d2f184ca03bd7a68a7c41b9c7a6cfdb",
    "https://raw.githubusercontent.com/sinclairzx81/tasksmith/0.9.14/src/build/dual/build-esm.ts": "1b8e7b88be9049703036875ece1247547c18c2ab2648ced9ee2f2ffd4736a465",
    "https://raw.githubusercontent.com/sinclairzx81/tasksmith/0.9.14/src/build/dual/build-package-json.ts": "98025cfab6878c904db52a8ccbf3b38ac9e6ae7dea7a8d09fbcf89730d968597",
    "https://raw.githubusercontent.com/sinclairzx81/tasksmith/0.9.14/src/build/dual/dual.ts": "5c9412bf40e5e4d2936eece134cde2a921f55c0594e0c905eef3844e326771a0",
    "https://raw.githubusercontent.com/sinclairzx81/tasksmith/0.9.14/src/build/dual/folder.ts": "90576e23137a57677ed7a7dc994e49f1feb0f40a7507b5422168c7f143777cca",
    "https://raw.githubusercontent.com/sinclairzx81/tasksmith/0.9.14/src/build/esm/build-check.ts": "7249cfd61e5eff0ed7b1781d91b853ada901630e7ed4228498b987d0a2b95ef0",
    "https://raw.githubusercontent.com/sinclairzx81/tasksmith/0.9.14/src/build/esm/build-esm.ts": "95e482f88fe2fa3a0df157481491e893657bbd32f7242d84579762135b984435",
    "https://raw.githubusercontent.com/sinclairzx81/tasksmith/0.9.14/src/build/esm/build-package-json.ts": "1d6f409cb1f5c36f290968a65b17d36786e51d12f52a986c198758f22c44bd36",
    "https://raw.githubusercontent.com/sinclairzx81/tasksmith/0.9.14/src/build/esm/esm.ts": "00ce41d3b48526148e706477fade3d19e02e2826dc7a3aa34f9c0c824993b092",
    "https://raw.githubusercontent.com/sinclairzx81/tasksmith/0.9.14/src/build/esm/folder.ts": "90576e23137a57677ed7a7dc994e49f1feb0f40a7507b5422168c7f143777cca",
    "https://raw.githubusercontent.com/sinclairzx81/tasksmith/0.9.14/src/build/index.ts": "d0f163948e4e8b56451a0fd1e137bcf1b74440ea213335443c9abd38a6d1f3cb",
    "https://raw.githubusercontent.com/sinclairzx81/tasksmith/0.9.14/src/compress/compress.ts": "04389003328eb5a94c32e3044ca45a4bc2730059437464afe732535cbc9424dd",
    "https://raw.githubusercontent.com/sinclairzx81/tasksmith/0.9.14/src/compress/format-size.ts": "e05a7e2ed57d4addcbc517dd92ff90d9e1fb7df3c7cc437b7658ff59cf0a36a3",
    "https://raw.githubusercontent.com/sinclairzx81/tasksmith/0.9.14/src/compress/gzip-size.ts": "ef05ca63af0a952f4f993e97dbaceb4549ce26353521caa8abcc9f4e7dc63ca0",
    "https://raw.githubusercontent.com/sinclairzx81/tasksmith/0.9.14/src/compress/index.ts": "f644b71cbb6c4b72e00018c25c40fc2b575cf28f2a24d1d23cbac2b5f2c095c4",
    "https://raw.githubusercontent.com/sinclairzx81/tasksmith/0.9.14/src/esbuild/esbuild.ts": "0a95f7f510b843c5f4b65fd00a2ca19f189ab878b48b11ded6fecc5f434c3530",
    "https://raw.githubusercontent.com/sinclairzx81/tasksmith/0.9.14/src/esbuild/index.ts": "9238dbf4eb63926dd9def11010f96636dc875a9175619c2929360ce307f9ee21",
    "https://raw.githubusercontent.com/sinclairzx81/tasksmith/0.9.14/src/file/append.ts": "ad45bc669a04e381e28323b7177f2fefbf28bca7e11ddafa5765f34729f9cf51",
    "https://raw.githubusercontent.com/sinclairzx81/tasksmith/0.9.14/src/file/create.ts": "4af6c8d6c7e5611df9b137de65da0e3eb23a15e4ad4f00ac886d71c576f96ae3",
    "https://raw.githubusercontent.com/sinclairzx81/tasksmith/0.9.14/src/file/delete.ts": "a27567be0020f7463a7a91d99d2be1d2e11d9e3ea8e9f20a2ae684b47540aab4",
    "https://raw.githubusercontent.com/sinclairzx81/tasksmith/0.9.14/src/file/file.ts": "b84ee4d26d965554c72e03098af84e0f398ac96d0a7d1c15c9cfdfb76357176a",
    "https://raw.githubusercontent.com/sinclairzx81/tasksmith/0.9.14/src/file/index.ts": "3593d9aa518ce79e373daa2d794a44179b74cfabb027f75a202204488b482677",
    "https://raw.githubusercontent.com/sinclairzx81/tasksmith/0.9.14/src/file/read.ts": "8a68e6377271ced84462a6ac3ff37d7282dcb164ca5aef383cf3162f3fd6d193",
    "https://raw.githubusercontent.com/sinclairzx81/tasksmith/0.9.14/src/file/replace.ts": "2f8caebc51df8c6d1e70125ee08df18a840e2bab95ca8feae3dc67f9b978f2d0",
    "https://raw.githubusercontent.com/sinclairzx81/tasksmith/0.9.14/src/file/write.ts": "666a7d38fac527d3259dadb83734eec90acfaf8773184cc4c00dc70e7b833882",
    "https://raw.githubusercontent.com/sinclairzx81/tasksmith/0.9.14/src/folder/add.ts": "5020f85ae9f14348ad149c2e96149af63e3599efb6a15bd17591744bc698400c",
    "https://raw.githubusercontent.com/sinclairzx81/tasksmith/0.9.14/src/folder/create.ts": "cd3408f58c371cba106d0d73d43c289f174bcf91df7ebdc94deed723f3b335bc",
    "https://raw.githubusercontent.com/sinclairzx81/tasksmith/0.9.14/src/folder/delete.ts": "3df9b415ac57a12d847a18f007ac9443ea6c885e990646eff8d70a0a1765b82c",
    "https://raw.githubusercontent.com/sinclairzx81/tasksmith/0.9.14/src/folder/folder.ts": "8d957055e07e36bd805328a585fded8778904664039fc7520d3c69599b777f6d",
    "https://raw.githubusercontent.com/sinclairzx81/tasksmith/0.9.14/src/folder/index-list.ts": "9c6b2a08534d3651534ae2ad66ed6d6f7f3f88de8a8bdcc53df1729430493e93",
    "https://raw.githubusercontent.com/sinclairzx81/tasksmith/0.9.14/src/folder/index.ts": "e72bd528ede06ac325beead47f80efcaa551e2f16e986bde0957944142da2c93",
    "https://raw.githubusercontent.com/sinclairzx81/tasksmith/0.9.14/src/index.ts": "69cde5035a9995ecb6ae9c12530367e5c58ca674ad8222d451a98e9089c2922c",
    "https://raw.githubusercontent.com/sinclairzx81/tasksmith/0.9.14/src/path/index.ts": "b7086f87edd0ccd26e319c5cbbd83b1cc9a5c4cb6b3e6648fd8065e75d7cc8e2",
    "https://raw.githubusercontent.com/sinclairzx81/tasksmith/0.9.14/src/path/path.ts": "0633cd2e7c269733f3f153784eed57040ac2ab4815207b5b3e2dbedb54960de5",
    "https://raw.githubusercontent.com/sinclairzx81/tasksmith/0.9.14/src/run/index.ts": "715694d98fdc06702e1fa5cf27a6e86c1f99f8331c038763eced52752a403edb",
    "https://raw.githubusercontent.com/sinclairzx81/tasksmith/0.9.14/src/run/run.ts": "180bd2e3fa744dda77c51beccccc4958a9246bc40ddeae874bb13974d22b9a1f",
    "https://raw.githubusercontent.com/sinclairzx81/tasksmith/0.9.14/src/serve/debounce.ts": "83f2e3401d66af38646d41634425f51da9bec913e778484e7c7e753c05ba150a",
    "https://raw.githubusercontent.com/sinclairzx81/tasksmith/0.9.14/src/serve/index.ts": "5e567c92f580570c4af8d92519f5e18c5cad4efff9106afa68432504dbc1d9c8",
    "https://raw.githubusercontent.com/sinclairzx81/tasksmith/0.9.14/src/serve/request.ts": "3bcb82a0cf674f59ac9d47f86d0133ce082013986add5bdac922ac827731610a",
    "https://raw.githubusercontent.com/sinclairzx81/tasksmith/0.9.14/src/serve/serve.ts": "ea9a025bd01958f5cf401549781c8236ace0c47130ab5c97b1f377548bb94c78",
    "https://raw.githubusercontent.com/sinclairzx81/tasksmith/0.9.14/src/serve/socket.ts": "b966f766a784581a68b1bcbd7eb8fcde5cdb1c1f2ef0e5dd1ac65d8a767b0f9b",
    "https://raw.githubusercontent.com/sinclairzx81/tasksmith/0.9.14/src/serve/stream.ts": "24899b47f9ea13e446da270067e371e71bfa37da9c4d690d1eeeaeaf8d9e07fd",
    "https://raw.githubusercontent.com/sinclairzx81/tasksmith/0.9.14/src/settings/index.ts": "b4966703f2736afd29509a05a740c80bdd1fd950a89c65648bf9f1d8676003ae",
    "https://raw.githubusercontent.com/sinclairzx81/tasksmith/0.9.14/src/settings/settings.ts": "7c8c5cbc055266b7af45252854f8c3c17abc6d4093e2cc4c779d70cba0a7c2c1",
    "https://raw.githubusercontent.com/sinclairzx81/tasksmith/0.9.14/src/shell/index.ts": "e0c82a5e70578d6b9ee8c3d03bc729f87ebc66d219c56336f84a4e33e30e373b",
    "https://raw.githubusercontent.com/sinclairzx81/tasksmith/0.9.14/src/shell/shell.ts": "4590fad5c47e1184e3138c545371a7275cc40573754e912c62c6c306b754a4b9",
    "https://raw.githubusercontent.com/sinclairzx81/tasksmith/0.9.14/src/task.ts": "7d9c273406b3618330833bfd2475be2968f33942ce99063f76dbc4c67c60069a",
    "https://raw.githubusercontent.com/sinclairzx81/tasksmith/0.9.14/src/test/index.ts": "dfa63a9d1deec8e440b752131aa4d253dd02024798a9b8ec1cff31edd3749def",
    "https://raw.githubusercontent.com/sinclairzx81/tasksmith/0.9.14/src/test/manifest.ts": "63625b8d3cd42d12936aa7a2845b7ac1d9ec7e92bba3ef1320c0e5802807d7e1",
    "https://raw.githubusercontent.com/sinclairzx81/tasksmith/0.9.14/src/test/report.ts": "959d516300c35cf263690060e401e334ea506ae72eda9d7e1e6aa79b016e4592",
    "https://raw.githubusercontent.com/sinclairzx81/tasksmith/0.9.14/src/test/run.ts": "e93e8568ffe08642e70f7fbeffa5c6833d384a2005789c95d9e931850d01090a",
    "https://raw.githubusercontent.com/sinclairzx81/tasksmith/0.9.14/src/test/test.ts": "894650a3af2f7c0c8e4e4f0930d6f3e7bfc5187c5c66ce869c0429b942a51c2d",
    "https://raw.githubusercontent.com/sinclairzx81/tasksmith/0.9.14/src/tsc/index.ts": "641df70d43bb590e3cb0739abd3b788993127e67b3ef7ed3535cf97b240a4bc4",
    "https://raw.githubusercontent.com/sinclairzx81/tasksmith/0.9.14/src/tsc/tsc.ts": "f27dcae0b277c95a1805456d32ce00a229bebd24bb101e8267f2b14abbbd340a",
    "https://raw.githubusercontent.com/sinclairzx81/tasksmith/0.9.14/src/tsc/tsgo.ts": "0db96f9c9c06b06bd96e3b3552d38a1716c174bd1ce9d4fe7f104403094a50b5"
  },
  "workspace": {
    "dependencies": [
      "npm:@react-three/fiber@9.3.0",
      "npm:@types/react-dom@*",
      "npm:@types/react@*",
      "npm:@types/three@*",
      "npm:marked@16.2.1",
      "npm:prismjs@1.30.0",
      "npm:react-dom@19.1.1",
      "npm:react-router-dom@7.8.2",
      "npm:react@19.1.1",
      "npm:three@0.180.0"
    ]
  }
}
