{
  "version": "5",
  "specifiers": {
    "jsr:@std/media-types@1.1.0": "1.1.0",
    "jsr:@std/path@1.1.0": "1.1.0",
    "npm:@react-three/fiber@9.3.0": "9.3.0_react@19.1.1_react-dom@19.1.1__react@19.1.1_three@0.180.0_use-sync-external-store@1.6.0__react@19.1.1_@types+react@19.2.2",
    "npm:@sinclair/typebox@*": "0.34.41",
    "npm:@types/node@*": "24.2.0",
    "npm:@types/react-dom@*": "19.2.1_@types+react@19.2.2",
    "npm:@types/react@*": "19.2.2",
    "npm:@types/three@*": "0.180.0",
    "npm:ajv@*": "8.17.1",
    "npm:marked@16.2.1": "16.2.1",
    "npm:prismjs@1.30.0": "1.30.0",
    "npm:react-dom@19.1.1": "19.1.1_react@19.1.1",
    "npm:react-router-dom@7.8.2": "7.8.2_react@19.1.1_react-dom@19.1.1__react@19.1.1",
    "npm:react@19.1.1": "19.1.1",
    "npm:three@0.180.0": "0.180.0"
  },
  "jsr": {
    "@std/media-types@1.1.0": {
      "integrity": "c9d093f0c05c3512932b330e3cc1fe1d627b301db33a4c2c2185c02471d6eaa4"
    },
    "@std/path@1.1.0": {
      "integrity": "ddc94f8e3c275627281cbc23341df6b8bcc874d70374f75fec2533521e3d6886"
    }
  },
  "npm": {
    "@babel/runtime@7.28.4": {
      "integrity": "sha512-Q/N6JNWvIvPnLDvjlE1OUBLPQHH6l3CltCEsHIujp45zQUSSh8K+gHnaEX45yAT1nyngnINhvWtzN+Nb9D8RAQ=="
    },
    "@dimforge/rapier3d-compat@0.12.0": {
      "integrity": "sha512-uekIGetywIgopfD97oDL5PfeezkFpNhwlzlaEYNOA0N6ghdsOvh/HYjSMek5Q2O1PYvRSDFcqFVJl4r4ZBwOow=="
    },
    "@react-three/fiber@9.3.0_react@19.1.1_react-dom@19.1.1__react@19.1.1_three@0.180.0_use-sync-external-store@1.6.0__react@19.1.1": {
      "integrity": "sha512-myPe3YL/C8+Eq939/4qIVEPBW/uxV0iiUbmjfwrs9sGKYDG8ib8Dz3Okq7BQt8P+0k4igedONbjXMQy84aDFmQ==",
      "dependencies": [
        "@babel/runtime",
        "@types/react-reconciler@0.32.1_@types+react@19.2.2",
        "@types/webxr",
        "base64-js",
        "buffer",
        "its-fine",
        "react",
        "react-dom",
        "react-reconciler",
        "react-use-measure",
        "scheduler@0.25.0",
        "suspend-react",
        "three",
        "use-sync-external-store",
        "zustand@5.0.8_react@19.1.1_use-sync-external-store@1.6.0__react@19.1.1"
      ],
      "optionalPeers": [
        "react-dom"
      ]
    },
    "@react-three/fiber@9.3.0_react@19.1.1_react-dom@19.1.1__react@19.1.1_three@0.180.0_use-sync-external-store@1.6.0__react@19.1.1_@types+react@19.2.2": {
      "integrity": "sha512-myPe3YL/C8+Eq939/4qIVEPBW/uxV0iiUbmjfwrs9sGKYDG8ib8Dz3Okq7BQt8P+0k4igedONbjXMQy84aDFmQ==",
      "dependencies": [
        "@babel/runtime",
        "@types/react-reconciler@0.32.1_@types+react@19.2.2",
        "@types/webxr",
        "base64-js",
        "buffer",
        "its-fine",
        "react",
        "react-dom",
        "react-reconciler",
        "react-use-measure",
        "scheduler@0.25.0",
        "suspend-react",
        "three",
        "use-sync-external-store",
        "zustand@5.0.8_react@19.1.1_use-sync-external-store@1.6.0__react@19.1.1_@types+react@19.2.2"
      ],
      "optionalPeers": [
        "react-dom"
      ]
    },
    "@sinclair/typebox@0.34.41": {
      "integrity": "sha512-6gS8pZzSXdyRHTIqoqSVknxolr1kzfy4/CeDnrzsVz8TTIWUbOBr6gnzOmTYJ3eXQNh4IYHIGi5aIL7sOZ2G/g=="
    },
    "@tweenjs/tween.js@23.1.3": {
      "integrity": "sha512-vJmvvwFxYuGnF2axRtPYocag6Clbb5YS7kLL+SO/TeVFzHqDIWrNKYtcsPMibjDx9O+bu+psAy9NKfWklassUA=="
    },
    "@types/node@24.2.0": {
      "integrity": "sha512-3xyG3pMCq3oYCNg7/ZP+E1ooTaGB4cG8JWRsqqOYQdbWNY4zbaV0Ennrd7stjiJEFZCaybcIgpTjJWHRfBSIDw==",
      "dependencies": [
        "undici-types"
      ]
    },
    "@types/react-dom@19.2.1_@types+react@19.2.2": {
      "integrity": "sha512-/EEvYBdT3BflCWvTMO7YkYBHVE9Ci6XdqZciZANQgKpaiDRGOLIlRo91jbTNRQjgPFWVaRxcYc0luVNFitz57A==",
      "dependencies": [
        "@types/react"
      ]
    },
    "@types/react-reconciler@0.28.9_@types+react@19.2.2": {
      "integrity": "sha512-HHM3nxyUZ3zAylX8ZEyrDNd2XZOnQ0D5XfunJF5FLQnZbHHYq4UWvW1QfelQNXv1ICNkwYhfxjwfnqivYB6bFg==",
      "dependencies": [
        "@types/react"
      ]
    },
    "@types/react-reconciler@0.32.1_@types+react@19.2.2": {
      "integrity": "sha512-RsqPttsBQ+6af0nATFXJJpemYQH7kL9+xLNm1z+0MjQFDKBZDM2R6SBrjdvRmHu9i9fM6povACj57Ft+pKRNOA==",
      "dependencies": [
        "@types/react"
      ]
    },
    "@types/react@19.2.2": {
      "integrity": "sha512-6mDvHUFSjyT2B2yeNx2nUgMxh9LtOWvkhIU3uePn2I2oyNymUAX1NIsdgviM4CH+JSrp2D2hsMvJOkxY+0wNRA==",
      "dependencies": [
        "csstype"
      ]
    },
    "@types/stats.js@0.17.4": {
      "integrity": "sha512-jIBvWWShCvlBqBNIZt0KAshWpvSjhkwkEu4ZUcASoAvhmrgAUI2t1dXrjSL4xXVLB4FznPrIsX3nKXFl/Dt4vA=="
    },
    "@types/three@0.180.0": {
      "integrity": "sha512-ykFtgCqNnY0IPvDro7h+9ZeLY+qjgUWv+qEvUt84grhenO60Hqd4hScHE7VTB9nOQ/3QM8lkbNE+4vKjEpUxKg==",
      "dependencies": [
        "@dimforge/rapier3d-compat",
        "@tweenjs/tween.js",
        "@types/stats.js",
        "@types/webxr",
        "@webgpu/types",
        "fflate",
        "meshoptimizer"
      ]
    },
    "@types/webxr@0.5.24": {
      "integrity": "sha512-h8fgEd/DpoS9CBrjEQXR+dIDraopAEfu4wYVNY2tEPwk60stPWhvZMf4Foo5FakuQ7HFZoa8WceaWFervK2Ovg=="
    },
    "@webgpu/types@0.1.65": {
      "integrity": "sha512-cYrHab4d6wuVvDW5tdsfI6/o6vcLMDe6w2Citd1oS51Xxu2ycLCnVo4fqwujfKWijrZMInTJIKcXxteoy21nVA=="
    },
    "ajv@8.17.1": {
      "integrity": "sha512-B/gBuNg5SiMTrPkC+A2+cW0RszwxYmn6VYxB/inlBStS5nx6xHIt/ehKRhIMhqusl7a8LjQoZnjCs5vhwxOQ1g==",
      "dependencies": [
        "fast-deep-equal",
        "fast-uri",
        "json-schema-traverse",
        "require-from-string"
      ]
    },
    "base64-js@1.5.1": {
      "integrity": "sha512-AKpaYlHn8t4SVbOHCy+b5+KKgvR4vrsD8vbvrbiQJps7fKDTkjkDry6ji0rUJjC0kzbNePLwzxq8iypo41qeWA=="
    },
    "buffer@6.0.3": {
      "integrity": "sha512-FTiCpNxtwiZZHEZbcbTIcZjERVICn9yq/pDFkTl95/AxzD1naBctN7YO68riM/gLSDY7sdrMby8hofADYuuqOA==",
      "dependencies": [
        "base64-js",
        "ieee754"
      ]
    },
    "cookie@1.0.2": {
      "integrity": "sha512-9Kr/j4O16ISv8zBBhJoi4bXOYNTkFLOqSL3UDB0njXxCXNezjeyVrJyGOWtgfs/q2km1gwBcfH8q1yEGoMYunA=="
    },
    "csstype@3.1.3": {
      "integrity": "sha512-M1uQkMl8rQK/szD0LNhtqxIPLpimGm8sOBwU7lLnCpSbTyY3yeU1Vc7l4KT5zT4s/yOxHH5O7tIuuLOCnLADRw=="
    },
    "fast-deep-equal@3.1.3": {
      "integrity": "sha512-f3qQ9oQy9j2AhBe/H9VC91wLmKBCCU/gDOnKNAYG5hswO7BLKj09Hc5HYNz9cGI++xlpDCIgDaitVs03ATR84Q=="
    },
    "fast-uri@3.1.0": {
      "integrity": "sha512-iPeeDKJSWf4IEOasVVrknXpaBV0IApz/gp7S2bb7Z4Lljbl2MGJRqInZiUrQwV16cpzw/D3S5j5Julj/gT52AA=="
    },
    "fflate@0.8.2": {
      "integrity": "sha512-cPJU47OaAoCbg0pBvzsgpTPhmhqI5eJjh/JIu8tPj5q+T7iLvW/JAYUqmE7KOB4R1ZyEhzBaIQpQpardBF5z8A=="
    },
    "ieee754@1.2.1": {
      "integrity": "sha512-dcyqhDvX1C46lXZcVqCpK+FtMRQVdIMN6/Df5js2zouUsqG7I6sFxitIC+7KYK29KdXOLHdu9zL4sFnoVQnqaA=="
    },
    "its-fine@2.0.0_react@19.1.1": {
      "integrity": "sha512-KLViCmWx94zOvpLwSlsx6yOCeMhZYaxrJV87Po5k/FoZzcPSahvK5qJ7fYhS61sZi5ikmh2S3Hz55A2l3U69ng==",
      "dependencies": [
        "@types/react-reconciler@0.28.9_@types+react@19.2.2",
        "react"
      ]
    },
    "json-schema-traverse@1.0.0": {
      "integrity": "sha512-NM8/P9n3XjXhIZn1lLhkFaACTOURQXjWhV4BA/RnOv8xvgqtqpAX9IO4mRQxSx1Rlo4tqzeqb0sOlruaOy3dug=="
    },
    "marked@16.2.1": {
      "integrity": "sha512-r3UrXED9lMlHF97jJByry90cwrZBBvZmjG1L68oYfuPMW+uDTnuMbyJDymCWwbTE+f+3LhpNDKfpR3a3saFyjA==",
      "bin": true
    },
    "meshoptimizer@0.22.0": {
      "integrity": "sha512-IebiK79sqIy+E4EgOr+CAw+Ke8hAspXKzBd0JdgEmPHiAwmvEj2S4h1rfvo+o/BnfEYd/jAOg5IeeIjzlzSnDg=="
    },
    "prismjs@1.30.0": {
      "integrity": "sha512-DEvV2ZF2r2/63V+tK8hQvrR2ZGn10srHbXviTlcv7Kpzw8jWiNTqbVgjO3IY8RxrrOUF8VPMQQFysYYYv0YZxw=="
    },
    "react-dom@19.1.1_react@19.1.1": {
      "integrity": "sha512-Dlq/5LAZgF0Gaz6yiqZCf6VCcZs1ghAJyrsu84Q/GT0gV+mCxbfmKNoGRKBYMJ8IEdGPqu49YWXD02GCknEDkw==",
      "dependencies": [
        "react",
        "scheduler@0.26.0"
      ]
    },
    "react-reconciler@0.31.0_react@19.1.1": {
      "integrity": "sha512-7Ob7Z+URmesIsIVRjnLoDGwBEG/tVitidU0nMsqX/eeJaLY89RISO/10ERe0MqmzuKUUB1rmY+h1itMbUHg9BQ==",
      "dependencies": [
        "react",
        "scheduler@0.25.0"
      ]
    },
    "react-router-dom@7.8.2_react@19.1.1_react-dom@19.1.1__react@19.1.1": {
      "integrity": "sha512-Z4VM5mKDipal2jQ385H6UBhiiEDlnJPx6jyWsTYoZQdl5TrjxEV2a9yl3Fi60NBJxYzOTGTTHXPi0pdizvTwow==",
      "dependencies": [
        "react",
        "react-dom",
        "react-router"
      ]
    },
    "react-router@7.8.2_react@19.1.1_react-dom@19.1.1__react@19.1.1": {
      "integrity": "sha512-7M2fR1JbIZ/jFWqelpvSZx+7vd7UlBTfdZqf6OSdF9g6+sfdqJDAWcak6ervbHph200ePlu+7G8LdoiC3ReyAQ==",
      "dependencies": [
        "cookie",
        "react",
        "react-dom",
        "set-cookie-parser"
      ],
      "optionalPeers": [
        "react-dom"
      ]
    },
    "react-use-measure@2.1.7_react@19.1.1_react-dom@19.1.1__react@19.1.1": {
      "integrity": "sha512-KrvcAo13I/60HpwGO5jpW7E9DfusKyLPLvuHlUyP5zqnmAPhNc6qTRjUQrdTADl0lpPpDVU2/Gg51UlOGHXbdg==",
      "dependencies": [
        "react",
        "react-dom"
      ],
      "optionalPeers": [
        "react-dom"
      ]
    },
    "react@19.1.1": {
      "integrity": "sha512-w8nqGImo45dmMIfljjMwOGtbmC/mk4CMYhWIicdSflH91J9TyCyczcPFXJzrZ/ZXcgGRFeP6BU0BEJTw6tZdfQ=="
    },
    "require-from-string@2.0.2": {
      "integrity": "sha512-Xf0nWe6RseziFMu+Ap9biiUbmplq6S9/p+7w7YXP/JBHhrUDDUhwa+vANyubuqfZWTveU//DYVGsDG7RKL/vEw=="
    },
    "scheduler@0.25.0": {
      "integrity": "sha512-xFVuu11jh+xcO7JOAGJNOXld8/TcEHK/4CituBUeUb5hqxJLj9YuemAEuvm9gQ/+pgXYfbQuqAkiYu+u7YEsNA=="
    },
    "scheduler@0.26.0": {
      "integrity": "sha512-NlHwttCI/l5gCPR3D1nNXtWABUmBwvZpEQiD4IXSbIDq8BzLIK/7Ir5gTFSGZDUu37K5cMNp0hFtzO38sC7gWA=="
    },
    "set-cookie-parser@2.7.1": {
      "integrity": "sha512-IOc8uWeOZgnb3ptbCURJWNjWUPcO3ZnTTdzsurqERrP6nPyv+paC55vJM0LpOlT2ne+Ix+9+CRG1MNLlyZ4GjQ=="
    },
    "suspend-react@0.1.3_react@19.1.1": {
      "integrity": "sha512-aqldKgX9aZqpoDp3e8/BZ8Dm7x1pJl+qI3ZKxDN0i/IQTWUwBx/ManmlVJ3wowqbno6c2bmiIfs+Um6LbsjJyQ==",
      "dependencies": [
        "react"
      ]
    },
    "three@0.180.0": {
      "integrity": "sha512-o+qycAMZrh+TsE01GqWUxUIKR1AL0S8pq7zDkYOQw8GqfX8b8VoCKYUoHbhiX5j+7hr8XsuHDVU6+gkQJQKg9w=="
    },
    "undici-types@7.10.0": {
      "integrity": "sha512-t5Fy/nfn+14LuOc2KNYg75vZqClpAiqscVvMygNnlsHBFpSXdJaYtXMcdNLpl/Qvc3P2cB3s6lOV51nqsFq4ag=="
    },
    "use-sync-external-store@1.6.0_react@19.1.1": {
      "integrity": "sha512-Pp6GSwGP/NrPIrxVFAIkOQeyw8lFenOHijQWkUTrDvrF4ALqylP2C/KCkeS9dpUM3KvYRQhna5vt7IL95+ZQ9w==",
      "dependencies": [
        "react"
      ]
    },
    "zustand@5.0.8_react@19.1.1_use-sync-external-store@1.6.0__react@19.1.1": {
      "integrity": "sha512-gyPKpIaxY9XcO2vSMrLbiER7QMAMGOQZVRdJ6Zi782jkbzZygq5GI9nG8g+sMgitRtndwaBSl7uiqC49o1SSiw==",
      "dependencies": [
        "react",
        "use-sync-external-store"
      ],
      "optionalPeers": [
        "react",
        "use-sync-external-store"
      ]
    },
    "zustand@5.0.8_react@19.1.1_use-sync-external-store@1.6.0__react@19.1.1_@types+react@19.2.2": {
      "integrity": "sha512-gyPKpIaxY9XcO2vSMrLbiER7QMAMGOQZVRdJ6Zi782jkbzZygq5GI9nG8g+sMgitRtndwaBSl7uiqC49o1SSiw==",
      "dependencies": [
        "@types/react",
        "react",
        "use-sync-external-store"
      ],
      "optionalPeers": [
        "@types/react",
        "react",
        "use-sync-external-store"
      ]
    }
  },
  "remote": {
    "https://raw.githubusercontent.com/sinclairzx81/parsebox/0.11.0/src/build/common/comment.ts": "596efbc1cfcbfcb416b70a2c6f71fa5170f6ca0b25830d34ab10ea57fecc14d2",
    "https://raw.githubusercontent.com/sinclairzx81/parsebox/0.11.0/src/build/common/escape.ts": "8f473599abd204475b3e5a3bfa3e96bbba31057b92c6e2bb669b79466d0665ef",
    "https://raw.githubusercontent.com/sinclairzx81/parsebox/0.11.0/src/build/common/index.ts": "2ff13bbfc3f3a5f700ce05afbc0fd2159ff1690d6ac2ab8ebdb11764f17e6536",
    "https://raw.githubusercontent.com/sinclairzx81/parsebox/0.11.0/src/build/common/infer.ts": "8207645b9055c15047a4bdb8a60941231209315f1e59f48e968ae7c34333323b",
    "https://raw.githubusercontent.com/sinclairzx81/parsebox/0.11.0/src/build/index.ts": "e35ddc197a5c3097dadff643c1361b8988da620bbf302450ea2bf34006671a38",
    "https://raw.githubusercontent.com/sinclairzx81/parsebox/0.11.0/src/build/options.ts": "f146193b6c1871cd7e1bd9fbcf5d08cc793a90f87694e099ff07e1ca3338ad98",
    "https://raw.githubusercontent.com/sinclairzx81/parsebox/0.11.0/src/build/project.ts": "4c6d7b7777e068ec5045bb380842e9783e6df800f376e5b145d6d1bee8087936",
    "https://raw.githubusercontent.com/sinclairzx81/parsebox/0.11.0/src/build/runtime/index.ts": "ccf3bf1ce9a9dc65bba13c0809ad4cb099ffe525fa49f65f0150405fa0b2de5a",
    "https://raw.githubusercontent.com/sinclairzx81/parsebox/0.11.0/src/build/runtime/mapping.ts": "09718549c2466df13dfc4c7f1c940c24f8e201be2ef0eab32f5b54a6ab871608",
    "https://raw.githubusercontent.com/sinclairzx81/parsebox/0.11.0/src/build/runtime/name.ts": "89990ee8e4832d77ed7404cdaba23917100c4ebe59995e2b8d4d53d732341893",
    "https://raw.githubusercontent.com/sinclairzx81/parsebox/0.11.0/src/build/runtime/parse.ts": "05bc4a5357d5e4e3484b0178f9b168e310aa3cc2d4dd1159a75c976e8dbb78bb",
    "https://raw.githubusercontent.com/sinclairzx81/parsebox/0.11.0/src/build/static/index.ts": "ccf3bf1ce9a9dc65bba13c0809ad4cb099ffe525fa49f65f0150405fa0b2de5a",
    "https://raw.githubusercontent.com/sinclairzx81/parsebox/0.11.0/src/build/static/mapping.ts": "719e8c8aef8df106e7810e86517f5be0fa7ba603fdc8f926677d0397e01dd7e6",
    "https://raw.githubusercontent.com/sinclairzx81/parsebox/0.11.0/src/build/static/name.ts": "a0511512d32e159e32679a5a809dfde964a13ca939210695a6760ca2a54d5ace",
    "https://raw.githubusercontent.com/sinclairzx81/parsebox/0.11.0/src/build/static/parse.ts": "9c866584d73a4fc8ac517d5d6bb031ff8bc37f71c1ef3ee27e1bba7edc67b97c",
    "https://raw.githubusercontent.com/sinclairzx81/parsebox/0.11.0/src/guard/guard.ts": "0e72c053380d643029cde58b0053b7cc9bfa52ba911752debe3ab848d2e86a6c",
    "https://raw.githubusercontent.com/sinclairzx81/parsebox/0.11.0/src/guard/index.ts": "8009edd734618ca6859292632b21c32a8191d79008b7242e3c57befa7c735383",
    "https://raw.githubusercontent.com/sinclairzx81/parsebox/0.11.0/src/index.ts": "91959d3e14299225fb22b755998f7f622a922c134970957f6e5d9e679f495f89",
    "https://raw.githubusercontent.com/sinclairzx81/parsebox/0.11.0/src/runtime/array.ts": "7f3c9a16212a5128669323c967ab232a31f6c1df42939319d3ec4b68dd9e96f4",
    "https://raw.githubusercontent.com/sinclairzx81/parsebox/0.11.0/src/runtime/bigint.ts": "6ff12ef0c9d9db06cf4245e3c1b11a9daefccb0d0cca72d794c7a51165d40945",
    "https://raw.githubusercontent.com/sinclairzx81/parsebox/0.11.0/src/runtime/const.ts": "4fbd3ffe3851ccdbd08fcd95f9d2cf96b5cac501033ff861c6ef9882fa7ac8e5",
    "https://raw.githubusercontent.com/sinclairzx81/parsebox/0.11.0/src/runtime/ident.ts": "30a3fcb55239392c7cd9520a5b3caf970c5d6107b3527bc841d66a6110bee859",
    "https://raw.githubusercontent.com/sinclairzx81/parsebox/0.11.0/src/runtime/index.ts": "d2093135dda6109ea3f8b1e931d3c6a752ca462ed674330544da62d99736e28a",
    "https://raw.githubusercontent.com/sinclairzx81/parsebox/0.11.0/src/runtime/integer.ts": "d0cdac256194139d707f2a2196367d00d143977de689d6a20a27c8d29a6301fd",
    "https://raw.githubusercontent.com/sinclairzx81/parsebox/0.11.0/src/runtime/module.ts": "a00f064c6e4086b79ba40bf8f845d57100e980fd5cf1cc0d7d44f980400f8402",
    "https://raw.githubusercontent.com/sinclairzx81/parsebox/0.11.0/src/runtime/number.ts": "2aa896a0d42c0d29a820b0967df6754dd122fc93275b0cd9bc720b7b1c5c9ffa",
    "https://raw.githubusercontent.com/sinclairzx81/parsebox/0.11.0/src/runtime/optional.ts": "e0b88bd905a33e0c3d81e85a79ffe5656293d699a772268341eac061b0912d05",
    "https://raw.githubusercontent.com/sinclairzx81/parsebox/0.11.0/src/runtime/parse.ts": "0becd4ecb581535601e49d2385a96e0f8c6dbf047787e4c69e0e876f27bf8787",
    "https://raw.githubusercontent.com/sinclairzx81/parsebox/0.11.0/src/runtime/parser.ts": "233458221c62ce3ef21d198b2afa70be7935c5a91667cd52e0a025f7f2341370",
    "https://raw.githubusercontent.com/sinclairzx81/parsebox/0.11.0/src/runtime/ref.ts": "05706dfa232bd105cf0a526058c527b6ebd9e61a79b58db7c0cc34255fa12dff",
    "https://raw.githubusercontent.com/sinclairzx81/parsebox/0.11.0/src/runtime/static.ts": "8ce7b4bd829ad691332de67dca702cda185597c65ab443997754bf465c9d4e96",
    "https://raw.githubusercontent.com/sinclairzx81/parsebox/0.11.0/src/runtime/string.ts": "ed11620f9e1e84f604f9ff210df315b16705b401da60ff287abb59c5b57e2f60",
    "https://raw.githubusercontent.com/sinclairzx81/parsebox/0.11.0/src/runtime/tuple.ts": "8ecb759992c951bc5b71717b20513e2edc564fb0f16ab787729d7975c7bf75c8",
    "https://raw.githubusercontent.com/sinclairzx81/parsebox/0.11.0/src/runtime/union.ts": "fa1fe19ff4e935fae566a1394aaaa6d3b34b8d2b04c8723311f7d8a1b73f6972",
    "https://raw.githubusercontent.com/sinclairzx81/parsebox/0.11.0/src/runtime/until.ts": "0f319b4e4d21ce7f893b0559aca386adb0d6567b03c143312a60b3a503e6837d",
    "https://raw.githubusercontent.com/sinclairzx81/parsebox/0.11.0/src/runtime/until_1.ts": "49586388294d886041fa9899b3903f6c5aa6e68e50747b92c5c71527f9734e1d",
    "https://raw.githubusercontent.com/sinclairzx81/parsebox/0.11.0/src/static/array.ts": "a743c8f2f8e53926314a61132bc9ea221d80d8b0c9b6d96c8c3e2eceec276b0a",
    "https://raw.githubusercontent.com/sinclairzx81/parsebox/0.11.0/src/static/bigint.ts": "58716255d331e22f3aa863ed2376e6ef0804158cc279ece6b821f66c19de2f19",
    "https://raw.githubusercontent.com/sinclairzx81/parsebox/0.11.0/src/static/const.ts": "64a0b2de79b62795d805e153938941de01a07e4c2aa0dd28e97c36fecffeb91e",
    "https://raw.githubusercontent.com/sinclairzx81/parsebox/0.11.0/src/static/ident.ts": "510cf0673fc7e8e52331923c3304ccdbb6c2330fe4ac4d2a4e8da20d8723be85",
    "https://raw.githubusercontent.com/sinclairzx81/parsebox/0.11.0/src/static/index.ts": "10ac1e6adae9d1ce8bce5aa26cf76ae12fc0b33c09790a90e13e30bf02e00fb4",
    "https://raw.githubusercontent.com/sinclairzx81/parsebox/0.11.0/src/static/integer.ts": "5998d883dcdb0542f4ae88032c471222f201c1ed29691c697408e307d66949fa",
    "https://raw.githubusercontent.com/sinclairzx81/parsebox/0.11.0/src/static/number.ts": "d8be202c8b376653951729fa4ddca583a934bfe54fe2e33f667a2409fb8181c8",
    "https://raw.githubusercontent.com/sinclairzx81/parsebox/0.11.0/src/static/optional.ts": "fd262ade1beeaf0b840eb7d58d25a6dc36777451158b43f575b79f04f349ff8f",
    "https://raw.githubusercontent.com/sinclairzx81/parsebox/0.11.0/src/static/parse.ts": "0d4e89049f0ff57ef9a71741c63bd8ee271c7b5a9f37a556480d2f0233408bc0",
    "https://raw.githubusercontent.com/sinclairzx81/parsebox/0.11.0/src/static/parser.ts": "bc6ce02ce7ee170d4f5129df2d4e775b2d07153715157a3b4782f78fb578bad0",
    "https://raw.githubusercontent.com/sinclairzx81/parsebox/0.11.0/src/static/string.ts": "64227cbb191c72307daabe19a9fac37ec2becbbb90098edcb1434dff186adb36",
    "https://raw.githubusercontent.com/sinclairzx81/parsebox/0.11.0/src/static/tuple.ts": "1492ddffc43ab8eb6ad6e578085684c145171a39510bc8c70f293e5655e844e8",
    "https://raw.githubusercontent.com/sinclairzx81/parsebox/0.11.0/src/static/union.ts": "1fdeee4b757457fdc0d0f9a0efcc01f45568a0b192f94fb9a18be5e5b46cb707",
    "https://raw.githubusercontent.com/sinclairzx81/parsebox/0.11.0/src/static/until.ts": "d5f27382c8bb11c78e4bca9760ec53b6fa8b92f021ded6685638129404638d13",
    "https://raw.githubusercontent.com/sinclairzx81/parsebox/0.11.0/src/static/until_1.ts": "23682137a1555b8574d4c14fd64cb93d182fedbd071afdf8c47dcc27d6c8d375",
    "https://raw.githubusercontent.com/sinclairzx81/parsebox/0.11.0/src/system/arguments/arguments.ts": "38faa50184aaefccf5e4e6d09fd2836b8f54d4e77a974e4033eec4d4e5eec391",
    "https://raw.githubusercontent.com/sinclairzx81/parsebox/0.11.0/src/system/arguments/index.ts": "aa4acde7e517e6426607c8cacd9c0b31247423176deea8e5bb6de7b9fa808a31",
    "https://raw.githubusercontent.com/sinclairzx81/parsebox/0.11.0/src/system/index.ts": "369b0ad90ff0701f0007b39b03d626bd974fee64e829af6b077c2cdb014e25f4",
    "https://raw.githubusercontent.com/sinclairzx81/parsebox/0.11.0/src/system/unreachable/index.ts": "559ced7244eaa39929098107cadea000894edbb2884154a295cff777a7172434",
    "https://raw.githubusercontent.com/sinclairzx81/parsebox/0.11.0/src/system/unreachable/unreachable.ts": "3d45117f47c511d300c4f4dfd3ce9b445e1177f3b287fe00820a0e5f707670e8",
    "https://raw.githubusercontent.com/sinclairzx81/parsebox/0.11.0/src/token/bigint.ts": "7e1a0b6ed1a4b7e98a355d3d6510bfe24c4d08e1a093d8aaed16ee5b229cbc9c",
    "https://raw.githubusercontent.com/sinclairzx81/parsebox/0.11.0/src/token/const.ts": "f356f0bf614236427376c5b9639686d24baa318c582a0eee61af8ead741600b8",
    "https://raw.githubusercontent.com/sinclairzx81/parsebox/0.11.0/src/token/ident.ts": "276eebc7b665da10e76cc800fec2afe0bb496ac78ade661250f604722f1aec6b",
    "https://raw.githubusercontent.com/sinclairzx81/parsebox/0.11.0/src/token/index.ts": "f403cf6cce80a1042bf650720a8d395483aaf567256a9307da12086c60fe6422",
    "https://raw.githubusercontent.com/sinclairzx81/parsebox/0.11.0/src/token/integer.ts": "c40b5c167019abbbf5a350bea2ff58e54d5f299f333efa0a10d0fa3d9b17b416",
    "https://raw.githubusercontent.com/sinclairzx81/parsebox/0.11.0/src/token/internal/char.ts": "861db1b06bc8f010e12d7072d8e8504aa841fd8fcbd05347b65750402144b700",
    "https://raw.githubusercontent.com/sinclairzx81/parsebox/0.11.0/src/token/internal/guard.ts": "500709b0a0f5ca6671acdf4945cf4f103672479980af8aa8276ff9a69be54cd7",
    "https://raw.githubusercontent.com/sinclairzx81/parsebox/0.11.0/src/token/internal/many.ts": "94b71e316e808dd4d893941600288afdb3f7c96cdcd1569ee93022b8f201de39",
    "https://raw.githubusercontent.com/sinclairzx81/parsebox/0.11.0/src/token/internal/optional.ts": "81a9f9a04ea13c38deb091e4e999dd1deb45c770daa09c821efb3220813a5ace",
    "https://raw.githubusercontent.com/sinclairzx81/parsebox/0.11.0/src/token/internal/result.ts": "1253612c04c32ee0385b232b87cdbda6b0435b51e0a4d5b2c001bc4bf060f4ae",
    "https://raw.githubusercontent.com/sinclairzx81/parsebox/0.11.0/src/token/internal/take.ts": "d7ad16ff4862cbb89a19aff57f3e805b4357dbc1f34cde61940f2ea75ed32c46",
    "https://raw.githubusercontent.com/sinclairzx81/parsebox/0.11.0/src/token/internal/trim.ts": "0cda9c2cf8644603568faf79bdab93255367dd27b4c91d4f66145049990b3be5",
    "https://raw.githubusercontent.com/sinclairzx81/parsebox/0.11.0/src/token/number.ts": "202be529cb77b9d832a645b9e515c98d774368355b407c4941d6d25ec0509977",
    "https://raw.githubusercontent.com/sinclairzx81/parsebox/0.11.0/src/token/span.ts": "bc29a6bce432c701d5154d08a36a375374c6c58217e8f5fb8d17dfbee1056e9c",
    "https://raw.githubusercontent.com/sinclairzx81/parsebox/0.11.0/src/token/string.ts": "853c0646380d60a4dea8739b8603f095159cc9882735ac8d0076c713c6f8e1a0",
    "https://raw.githubusercontent.com/sinclairzx81/parsebox/0.11.0/src/token/until.ts": "ccd0f02ce1d44f119fd7e81886ac696afeda1a338506ffb1036159523be8f525",
    "https://raw.githubusercontent.com/sinclairzx81/parsebox/0.11.0/src/token/until_1.ts": "da0c77a135b5747b43cd73025972be6b38b6e81259b0ab270517c259267935dd",
    "https://raw.githubusercontent.com/sinclairzx81/tasksmith/0.9.5/src/attw/attw.ts": "146d4ce8b89c1cced5845ec683de3f483a6297ec4eda1767cacbc71953c3f59b",
    "https://raw.githubusercontent.com/sinclairzx81/tasksmith/0.9.5/src/attw/index.ts": "a76b99adbfaee3416ea98f2a5908b76c846e0fbf0768876ed93d1e8aa21a8cff",
    "https://raw.githubusercontent.com/sinclairzx81/tasksmith/0.9.5/src/browser/browser.ts": "42b3060763be9ce26b262ddf4a80b570319a1c511be39a5403e1f95b098b5589",
    "https://raw.githubusercontent.com/sinclairzx81/tasksmith/0.9.5/src/browser/index.ts": "4f3c2075e4337f76b83b0a60dec0e7df8b35cb4676d459bb49661ba7d4486789",
    "https://raw.githubusercontent.com/sinclairzx81/tasksmith/0.9.5/src/browser/open.ts": "21ca30d157f320c3d2523f82a334a9239d2c40f495b8948d2591743fc21ab3cf",
    "https://raw.githubusercontent.com/sinclairzx81/tasksmith/0.9.5/src/build/build.ts": "4cdd0a451316cba2daeb250b5b2fe7f51b9ae6d84442c94324cd19f933eceb18",
    "https://raw.githubusercontent.com/sinclairzx81/tasksmith/0.9.5/src/build/common/build-additional.ts": "fe002fcf75846eb7b4503d7d10bfbd3d8d1b5b276dde1b5bba67541c334f147f",
    "https://raw.githubusercontent.com/sinclairzx81/tasksmith/0.9.5/src/build/common/build-clean.ts": "622b2b852ab3210c6bba4664033719c1cb9222d6d05a009ad0eb558158dc70f6",
    "https://raw.githubusercontent.com/sinclairzx81/tasksmith/0.9.5/src/build/common/build-pack.ts": "66ca147340ee33b9e5f5dc16dc6a0469abb6597a190841564a529750a0389436",
    "https://raw.githubusercontent.com/sinclairzx81/tasksmith/0.9.5/src/build/dual/build-check.ts": "304f714a1ff14e2f08e70dd222bbab08fec57c1be8dfbe06d4295763cddc7bf0",
    "https://raw.githubusercontent.com/sinclairzx81/tasksmith/0.9.5/src/build/dual/build-cjs.ts": "4a0fb1400b127774e1dd607aaa53eb717505c42c2f176abd3cb412fe387409cd",
    "https://raw.githubusercontent.com/sinclairzx81/tasksmith/0.9.5/src/build/dual/build-esm.ts": "a6708e42dea7ab61eccf7181f1b9335e7140608e027568ed4f859273de2b1faa",
    "https://raw.githubusercontent.com/sinclairzx81/tasksmith/0.9.5/src/build/dual/build-package-json.ts": "d28bb8a4d69b0c92337ee42499b9e988c93dde54ba3497627f11e6005897f096",
    "https://raw.githubusercontent.com/sinclairzx81/tasksmith/0.9.5/src/build/dual/dual.ts": "c525f1020a2d7e479cc9a7d9fce3fd107bfe500a2b107957546ba1f1f3e9d013",
    "https://raw.githubusercontent.com/sinclairzx81/tasksmith/0.9.5/src/build/dual/folder.ts": "90576e23137a57677ed7a7dc994e49f1feb0f40a7507b5422168c7f143777cca",
    "https://raw.githubusercontent.com/sinclairzx81/tasksmith/0.9.5/src/build/esm/build-check.ts": "31df60caaefda98349c7c1f5c87cd3e4eb05c1ed20f5a6863bebad411ff3e70d",
    "https://raw.githubusercontent.com/sinclairzx81/tasksmith/0.9.5/src/build/esm/build-esm.ts": "416aaba959e185dd98fc2a4fb4dd93e142bef66a22405fbb229466d161d5f6c6",
    "https://raw.githubusercontent.com/sinclairzx81/tasksmith/0.9.5/src/build/esm/build-package-json.ts": "8c97cbe8c88b333c871ecfc13961b2d43f5391268d34b740720b8f2b376c5981",
    "https://raw.githubusercontent.com/sinclairzx81/tasksmith/0.9.5/src/build/esm/esm.ts": "1cc0988bffac3ae673781dde2a2bc13f2ddfb616a6e56bb19f567f1bbb50a94a",
    "https://raw.githubusercontent.com/sinclairzx81/tasksmith/0.9.5/src/build/esm/folder.ts": "90576e23137a57677ed7a7dc994e49f1feb0f40a7507b5422168c7f143777cca",
    "https://raw.githubusercontent.com/sinclairzx81/tasksmith/0.9.5/src/build/index.ts": "d0f163948e4e8b56451a0fd1e137bcf1b74440ea213335443c9abd38a6d1f3cb",
    "https://raw.githubusercontent.com/sinclairzx81/tasksmith/0.9.5/src/build/options.ts": "3849cd3144e482197b3bcfe5e325340be8cf62abae20b66140b62081d0501648",
    "https://raw.githubusercontent.com/sinclairzx81/tasksmith/0.9.5/src/compress/compress.ts": "04389003328eb5a94c32e3044ca45a4bc2730059437464afe732535cbc9424dd",
    "https://raw.githubusercontent.com/sinclairzx81/tasksmith/0.9.5/src/compress/format-size.ts": "e05a7e2ed57d4addcbc517dd92ff90d9e1fb7df3c7cc437b7658ff59cf0a36a3",
    "https://raw.githubusercontent.com/sinclairzx81/tasksmith/0.9.5/src/compress/gzip-size.ts": "02f15c90b8afebee7f6fc3f7d409238db70544bf509e2359411defc68d07ec7d",
    "https://raw.githubusercontent.com/sinclairzx81/tasksmith/0.9.5/src/compress/index.ts": "f644b71cbb6c4b72e00018c25c40fc2b575cf28f2a24d1d23cbac2b5f2c095c4",
    "https://raw.githubusercontent.com/sinclairzx81/tasksmith/0.9.5/src/esbuild/esbuild.ts": "11aca47ea1815cf328229243e800029c62a09a0ab55f97b4691116dafeb1bfc4",
    "https://raw.githubusercontent.com/sinclairzx81/tasksmith/0.9.5/src/esbuild/index.ts": "9238dbf4eb63926dd9def11010f96636dc875a9175619c2929360ce307f9ee21",
    "https://raw.githubusercontent.com/sinclairzx81/tasksmith/0.9.5/src/file/append.ts": "ad45bc669a04e381e28323b7177f2fefbf28bca7e11ddafa5765f34729f9cf51",
    "https://raw.githubusercontent.com/sinclairzx81/tasksmith/0.9.5/src/file/create.ts": "4af6c8d6c7e5611df9b137de65da0e3eb23a15e4ad4f00ac886d71c576f96ae3",
    "https://raw.githubusercontent.com/sinclairzx81/tasksmith/0.9.5/src/file/delete.ts": "a27567be0020f7463a7a91d99d2be1d2e11d9e3ea8e9f20a2ae684b47540aab4",
    "https://raw.githubusercontent.com/sinclairzx81/tasksmith/0.9.5/src/file/file.ts": "b84ee4d26d965554c72e03098af84e0f398ac96d0a7d1c15c9cfdfb76357176a",
    "https://raw.githubusercontent.com/sinclairzx81/tasksmith/0.9.5/src/file/index.ts": "3593d9aa518ce79e373daa2d794a44179b74cfabb027f75a202204488b482677",
    "https://raw.githubusercontent.com/sinclairzx81/tasksmith/0.9.5/src/file/read.ts": "8a68e6377271ced84462a6ac3ff37d7282dcb164ca5aef383cf3162f3fd6d193",
    "https://raw.githubusercontent.com/sinclairzx81/tasksmith/0.9.5/src/file/replace.ts": "2f8caebc51df8c6d1e70125ee08df18a840e2bab95ca8feae3dc67f9b978f2d0",
    "https://raw.githubusercontent.com/sinclairzx81/tasksmith/0.9.5/src/file/write.ts": "666a7d38fac527d3259dadb83734eec90acfaf8773184cc4c00dc70e7b833882",
    "https://raw.githubusercontent.com/sinclairzx81/tasksmith/0.9.5/src/folder/add.ts": "5020f85ae9f14348ad149c2e96149af63e3599efb6a15bd17591744bc698400c",
    "https://raw.githubusercontent.com/sinclairzx81/tasksmith/0.9.5/src/folder/create.ts": "cd3408f58c371cba106d0d73d43c289f174bcf91df7ebdc94deed723f3b335bc",
    "https://raw.githubusercontent.com/sinclairzx81/tasksmith/0.9.5/src/folder/delete.ts": "3df9b415ac57a12d847a18f007ac9443ea6c885e990646eff8d70a0a1765b82c",
    "https://raw.githubusercontent.com/sinclairzx81/tasksmith/0.9.5/src/folder/folder.ts": "43ccb82e2e76e2e6d972b82a426551f4368a0c8d74ad0a9d099e17cd64f4bdd5",
    "https://raw.githubusercontent.com/sinclairzx81/tasksmith/0.9.5/src/folder/index-list.ts": "9c6b2a08534d3651534ae2ad66ed6d6f7f3f88de8a8bdcc53df1729430493e93",
    "https://raw.githubusercontent.com/sinclairzx81/tasksmith/0.9.5/src/folder/index.ts": "e72bd528ede06ac325beead47f80efcaa551e2f16e986bde0957944142da2c93",
    "https://raw.githubusercontent.com/sinclairzx81/tasksmith/0.9.5/src/index.ts": "69cde5035a9995ecb6ae9c12530367e5c58ca674ad8222d451a98e9089c2922c",
    "https://raw.githubusercontent.com/sinclairzx81/tasksmith/0.9.5/src/path/index.ts": "b7086f87edd0ccd26e319c5cbbd83b1cc9a5c4cb6b3e6648fd8065e75d7cc8e2",
    "https://raw.githubusercontent.com/sinclairzx81/tasksmith/0.9.5/src/path/path.ts": "0633cd2e7c269733f3f153784eed57040ac2ab4815207b5b3e2dbedb54960de5",
    "https://raw.githubusercontent.com/sinclairzx81/tasksmith/0.9.5/src/run/index.ts": "715694d98fdc06702e1fa5cf27a6e86c1f99f8331c038763eced52752a403edb",
    "https://raw.githubusercontent.com/sinclairzx81/tasksmith/0.9.5/src/run/run.ts": "180bd2e3fa744dda77c51beccccc4958a9246bc40ddeae874bb13974d22b9a1f",
    "https://raw.githubusercontent.com/sinclairzx81/tasksmith/0.9.5/src/serve/debounce.ts": "83f2e3401d66af38646d41634425f51da9bec913e778484e7c7e753c05ba150a",
    "https://raw.githubusercontent.com/sinclairzx81/tasksmith/0.9.5/src/serve/index.ts": "5e567c92f580570c4af8d92519f5e18c5cad4efff9106afa68432504dbc1d9c8",
    "https://raw.githubusercontent.com/sinclairzx81/tasksmith/0.9.5/src/serve/request.ts": "1b7f2ed95664b0486741fe12dd7ad0f952ddec1f241b9e74fca4084f73b641e1",
    "https://raw.githubusercontent.com/sinclairzx81/tasksmith/0.9.5/src/serve/serve.ts": "ea9a025bd01958f5cf401549781c8236ace0c47130ab5c97b1f377548bb94c78",
    "https://raw.githubusercontent.com/sinclairzx81/tasksmith/0.9.5/src/serve/socket.ts": "b966f766a784581a68b1bcbd7eb8fcde5cdb1c1f2ef0e5dd1ac65d8a767b0f9b",
    "https://raw.githubusercontent.com/sinclairzx81/tasksmith/0.9.5/src/serve/stream.ts": "8544811d3e809f93fe03d1df3faf78b4c391bcd62c14af158953cbab88a445e1",
    "https://raw.githubusercontent.com/sinclairzx81/tasksmith/0.9.5/src/settings/index.ts": "b4966703f2736afd29509a05a740c80bdd1fd950a89c65648bf9f1d8676003ae",
    "https://raw.githubusercontent.com/sinclairzx81/tasksmith/0.9.5/src/settings/settings.ts": "7c8c5cbc055266b7af45252854f8c3c17abc6d4093e2cc4c779d70cba0a7c2c1",
    "https://raw.githubusercontent.com/sinclairzx81/tasksmith/0.9.5/src/shell/index.ts": "e0c82a5e70578d6b9ee8c3d03bc729f87ebc66d219c56336f84a4e33e30e373b",
    "https://raw.githubusercontent.com/sinclairzx81/tasksmith/0.9.5/src/shell/shell.ts": "4590fad5c47e1184e3138c545371a7275cc40573754e912c62c6c306b754a4b9",
    "https://raw.githubusercontent.com/sinclairzx81/tasksmith/0.9.5/src/task.ts": "7d9c273406b3618330833bfd2475be2968f33942ce99063f76dbc4c67c60069a",
    "https://raw.githubusercontent.com/sinclairzx81/tasksmith/0.9.5/src/test/index.ts": "dfa63a9d1deec8e440b752131aa4d253dd02024798a9b8ec1cff31edd3749def",
    "https://raw.githubusercontent.com/sinclairzx81/tasksmith/0.9.5/src/test/manifest.ts": "63625b8d3cd42d12936aa7a2845b7ac1d9ec7e92bba3ef1320c0e5802807d7e1",
    "https://raw.githubusercontent.com/sinclairzx81/tasksmith/0.9.5/src/test/report.ts": "959d516300c35cf263690060e401e334ea506ae72eda9d7e1e6aa79b016e4592",
    "https://raw.githubusercontent.com/sinclairzx81/tasksmith/0.9.5/src/test/run.ts": "e93e8568ffe08642e70f7fbeffa5c6833d384a2005789c95d9e931850d01090a",
    "https://raw.githubusercontent.com/sinclairzx81/tasksmith/0.9.5/src/test/test.ts": "894650a3af2f7c0c8e4e4f0930d6f3e7bfc5187c5c66ce869c0429b942a51c2d",
    "https://raw.githubusercontent.com/sinclairzx81/tasksmith/0.9.5/src/tsc/index.ts": "ef3fd7538b1f3d85e102f4b6317ad92e2f1dc007df6d7d7cceb283913e71117d",
    "https://raw.githubusercontent.com/sinclairzx81/tasksmith/0.9.5/src/tsc/tsc.ts": "2d84d6b8bf155811eec128a03095dbad9f15feb7602c7fc3c6a9e0c36dc38602"
  },
  "workspace": {
    "dependencies": [
      "npm:@react-three/fiber@9.3.0",
      "npm:@types/react-dom@*",
      "npm:@types/react@*",
      "npm:@types/three@*",
      "npm:marked@16.2.1",
      "npm:prismjs@1.30.0",
      "npm:react-dom@19.1.1",
      "npm:react-router-dom@7.8.2",
      "npm:react@19.1.1",
      "npm:three@0.180.0"
    ]
  }
}
